// !$*UTF8*$!
{
	archiveVersion = 1;
	classes = {
	};
	objectVersion = 50;
	objects = {

/* Begin PBXBuildFile section */
		581A99E722597A08006CF0D1 /* ChartViewController.swift in Sources */ = {isa = PBXBuildFile; fileRef = 581A99E622597A08006CF0D1 /* ChartViewController.swift */; };
		5881214A223B395D00508F03 /* Binance.swift in Sources */ = {isa = PBXBuildFile; fileRef = 58812149223B395D00508F03 /* Binance.swift */; };
		5888670522380D160051377B /* AppDelegate.swift in Sources */ = {isa = PBXBuildFile; fileRef = 5888670422380D160051377B /* AppDelegate.swift */; };
		5888670722380D160051377B /* ViewController.swift in Sources */ = {isa = PBXBuildFile; fileRef = 5888670622380D160051377B /* ViewController.swift */; };
		5888670A22380D160051377B /* Main.storyboard in Resources */ = {isa = PBXBuildFile; fileRef = 5888670822380D160051377B /* Main.storyboard */; };
		5888670C22380D180051377B /* Assets.xcassets in Resources */ = {isa = PBXBuildFile; fileRef = 5888670B22380D180051377B /* Assets.xcassets */; };
		5888670F22380D180051377B /* LaunchScreen.storyboard in Resources */ = {isa = PBXBuildFile; fileRef = 5888670D22380D180051377B /* LaunchScreen.storyboard */; };
		5888671A22380D190051377B /* CryptoTrackerTests.swift in Sources */ = {isa = PBXBuildFile; fileRef = 5888671922380D190051377B /* CryptoTrackerTests.swift */; };
		5888672522380D190051377B /* CryptoTrackerUITests.swift in Sources */ = {isa = PBXBuildFile; fileRef = 5888672422380D190051377B /* CryptoTrackerUITests.swift */; };
		588867332239E23C0051377B /* PriceCell.swift in Sources */ = {isa = PBXBuildFile; fileRef = 588867322239E23C0051377B /* PriceCell.swift */; };
		58886739223A38590051377B /* PairCell.swift in Sources */ = {isa = PBXBuildFile; fileRef = 58886738223A38590051377B /* PairCell.swift */; };
		5888673B223A48BA0051377B /* PairViewController.swift in Sources */ = {isa = PBXBuildFile; fileRef = 5888673A223A48BA0051377B /* PairViewController.swift */; };
		58DF2AAA2241B809002FBF7E /* PersistenceService.swift in Sources */ = {isa = PBXBuildFile; fileRef = 58DF2AA92241B809002FBF7E /* PersistenceService.swift */; };
		58DF2AD3224C1D51002FBF7E /* Model.xcdatamodeld in Sources */ = {isa = PBXBuildFile; fileRef = 58DF2AD1224C1D51002FBF7E /* Model.xcdatamodeld */; };
		58DF2AD8224C2F55002FBF7E /* Price+CoreDataClass.swift in Sources */ = {isa = PBXBuildFile; fileRef = 58DF2AD4224C2F55002FBF7E /* Price+CoreDataClass.swift */; };
		58DF2AD9224C2F55002FBF7E /* Price+CoreDataProperties.swift in Sources */ = {isa = PBXBuildFile; fileRef = 58DF2AD5224C2F55002FBF7E /* Price+CoreDataProperties.swift */; };
		58DF2ADA224C2F55002FBF7E /* Pair+CoreDataClass.swift in Sources */ = {isa = PBXBuildFile; fileRef = 58DF2AD6224C2F55002FBF7E /* Pair+CoreDataClass.swift */; };
		58DF2ADB224C2F55002FBF7E /* Pair+CoreDataProperties.swift in Sources */ = {isa = PBXBuildFile; fileRef = 58DF2AD7224C2F55002FBF7E /* Pair+CoreDataProperties.swift */; };
/* End PBXBuildFile section */

/* Begin PBXContainerItemProxy section */
		5888671622380D190051377B /* PBXContainerItemProxy */ = {
			isa = PBXContainerItemProxy;
			containerPortal = 588866F922380D160051377B /* Project object */;
			proxyType = 1;
			remoteGlobalIDString = 5888670022380D160051377B;
			remoteInfo = CryptoTracker;
		};
		5888672122380D190051377B /* PBXContainerItemProxy */ = {
			isa = PBXContainerItemProxy;
			containerPortal = 588866F922380D160051377B /* Project object */;
			proxyType = 1;
			remoteGlobalIDString = 5888670022380D160051377B;
			remoteInfo = CryptoTracker;
		};
/* End PBXContainerItemProxy section */

/* Begin PBXFileReference section */
		581A99E622597A08006CF0D1 /* ChartViewController.swift */ = {isa = PBXFileReference; lastKnownFileType = sourcecode.swift; path = ChartViewController.swift; sourceTree = "<group>"; };
		58812149223B395D00508F03 /* Binance.swift */ = {isa = PBXFileReference; lastKnownFileType = sourcecode.swift; path = Binance.swift; sourceTree = "<group>"; };
		5888670122380D160051377B /* CryptoTracker.app */ = {isa = PBXFileReference; explicitFileType = wrapper.application; includeInIndex = 0; path = CryptoTracker.app; sourceTree = BUILT_PRODUCTS_DIR; };
		5888670422380D160051377B /* AppDelegate.swift */ = {isa = PBXFileReference; lastKnownFileType = sourcecode.swift; path = AppDelegate.swift; sourceTree = "<group>"; };
		5888670622380D160051377B /* ViewController.swift */ = {isa = PBXFileReference; lastKnownFileType = sourcecode.swift; path = ViewController.swift; sourceTree = "<group>"; };
		5888670922380D160051377B /* Base */ = {isa = PBXFileReference; lastKnownFileType = file.storyboard; name = Base; path = Base.lproj/Main.storyboard; sourceTree = "<group>"; };
		5888670B22380D180051377B /* Assets.xcassets */ = {isa = PBXFileReference; lastKnownFileType = folder.assetcatalog; path = Assets.xcassets; sourceTree = "<group>"; };
		5888670E22380D180051377B /* Base */ = {isa = PBXFileReference; lastKnownFileType = file.storyboard; name = Base; path = Base.lproj/LaunchScreen.storyboard; sourceTree = "<group>"; };
		5888671022380D180051377B /* Info.plist */ = {isa = PBXFileReference; lastKnownFileType = text.plist.xml; path = Info.plist; sourceTree = "<group>"; };
		5888671522380D190051377B /* CryptoTrackerTests.xctest */ = {isa = PBXFileReference; explicitFileType = wrapper.cfbundle; includeInIndex = 0; path = CryptoTrackerTests.xctest; sourceTree = BUILT_PRODUCTS_DIR; };
		5888671922380D190051377B /* CryptoTrackerTests.swift */ = {isa = PBXFileReference; lastKnownFileType = sourcecode.swift; path = CryptoTrackerTests.swift; sourceTree = "<group>"; };
		5888671B22380D190051377B /* Info.plist */ = {isa = PBXFileReference; lastKnownFileType = text.plist.xml; path = Info.plist; sourceTree = "<group>"; };
		5888672022380D190051377B /* CryptoTrackerUITests.xctest */ = {isa = PBXFileReference; explicitFileType = wrapper.cfbundle; includeInIndex = 0; path = CryptoTrackerUITests.xctest; sourceTree = BUILT_PRODUCTS_DIR; };
		5888672422380D190051377B /* CryptoTrackerUITests.swift */ = {isa = PBXFileReference; lastKnownFileType = sourcecode.swift; path = CryptoTrackerUITests.swift; sourceTree = "<group>"; };
		5888672622380D190051377B /* Info.plist */ = {isa = PBXFileReference; lastKnownFileType = text.plist.xml; path = Info.plist; sourceTree = "<group>"; };
		588867322239E23C0051377B /* PriceCell.swift */ = {isa = PBXFileReference; lastKnownFileType = sourcecode.swift; path = PriceCell.swift; sourceTree = "<group>"; };
		58886738223A38590051377B /* PairCell.swift */ = {isa = PBXFileReference; lastKnownFileType = sourcecode.swift; path = PairCell.swift; sourceTree = "<group>"; };
		5888673A223A48BA0051377B /* PairViewController.swift */ = {isa = PBXFileReference; lastKnownFileType = sourcecode.swift; path = PairViewController.swift; sourceTree = "<group>"; };
		58DF2AA92241B809002FBF7E /* PersistenceService.swift */ = {isa = PBXFileReference; lastKnownFileType = sourcecode.swift; path = PersistenceService.swift; sourceTree = "<group>"; };
		58DF2AD2224C1D51002FBF7E /* Model.xcdatamodel */ = {isa = PBXFileReference; lastKnownFileType = wrapper.xcdatamodel; path = Model.xcdatamodel; sourceTree = "<group>"; };
		58DF2AD4224C2F55002FBF7E /* Price+CoreDataClass.swift */ = {isa = PBXFileReference; lastKnownFileType = sourcecode.swift; path = "Price+CoreDataClass.swift"; sourceTree = "<group>"; };
		58DF2AD5224C2F55002FBF7E /* Price+CoreDataProperties.swift */ = {isa = PBXFileReference; lastKnownFileType = sourcecode.swift; path = "Price+CoreDataProperties.swift"; sourceTree = "<group>"; };
		58DF2AD6224C2F55002FBF7E /* Pair+CoreDataClass.swift */ = {isa = PBXFileReference; lastKnownFileType = sourcecode.swift; path = "Pair+CoreDataClass.swift"; sourceTree = "<group>"; };
		58DF2AD7224C2F55002FBF7E /* Pair+CoreDataProperties.swift */ = {isa = PBXFileReference; lastKnownFileType = sourcecode.swift; path = "Pair+CoreDataProperties.swift"; sourceTree = "<group>"; };
/* End PBXFileReference section */

/* Begin PBXFrameworksBuildPhase section */
		588866FE22380D160051377B /* Frameworks */ = {
			isa = PBXFrameworksBuildPhase;
			buildActionMask = 2147483647;
			files = (
			);
			runOnlyForDeploymentPostprocessing = 0;
		};
		5888671222380D190051377B /* Frameworks */ = {
			isa = PBXFrameworksBuildPhase;
			buildActionMask = 2147483647;
			files = (
			);
			runOnlyForDeploymentPostprocessing = 0;
		};
		5888671D22380D190051377B /* Frameworks */ = {
			isa = PBXFrameworksBuildPhase;
			buildActionMask = 2147483647;
			files = (
			);
			runOnlyForDeploymentPostprocessing = 0;
		};
/* End PBXFrameworksBuildPhase section */

/* Begin PBXGroup section */
		588866F822380D160051377B = {
			isa = PBXGroup;
			children = (
				5888670322380D160051377B /* CryptoTracker */,
				5888671822380D190051377B /* CryptoTrackerTests */,
				5888672322380D190051377B /* CryptoTrackerUITests */,
				5888670222380D160051377B /* Products */,
			);
			sourceTree = "<group>";
		};
		5888670222380D160051377B /* Products */ = {
			isa = PBXGroup;
			children = (
				5888670122380D160051377B /* CryptoTracker.app */,
				5888671522380D190051377B /* CryptoTrackerTests.xctest */,
				5888672022380D190051377B /* CryptoTrackerUITests.xctest */,
			);
			name = Products;
			sourceTree = "<group>";
		};
		5888670322380D160051377B /* CryptoTracker */ = {
			isa = PBXGroup;
			children = (
				58DF2AD4224C2F55002FBF7E /* Price+CoreDataClass.swift */,
				58DF2AD5224C2F55002FBF7E /* Price+CoreDataProperties.swift */,
				58DF2AD6224C2F55002FBF7E /* Pair+CoreDataClass.swift */,
				58DF2AD7224C2F55002FBF7E /* Pair+CoreDataProperties.swift */,
				58DF2AA92241B809002FBF7E /* PersistenceService.swift */,
				5888670422380D160051377B /* AppDelegate.swift */,
				5888670622380D160051377B /* ViewController.swift */,
				588867322239E23C0051377B /* PriceCell.swift */,
				5888670822380D160051377B /* Main.storyboard */,
				5888670B22380D180051377B /* Assets.xcassets */,
				5888670D22380D180051377B /* LaunchScreen.storyboard */,
				5888671022380D180051377B /* Info.plist */,
				58886738223A38590051377B /* PairCell.swift */,
				5888673A223A48BA0051377B /* PairViewController.swift */,
				58812149223B395D00508F03 /* Binance.swift */,
				58DF2AD1224C1D51002FBF7E /* Model.xcdatamodeld */,
				581A99E622597A08006CF0D1 /* ChartViewController.swift */,
			);
			path = CryptoTracker;
			sourceTree = "<group>";
		};
		5888671822380D190051377B /* CryptoTrackerTests */ = {
			isa = PBXGroup;
			children = (
				5888671922380D190051377B /* CryptoTrackerTests.swift */,
				5888671B22380D190051377B /* Info.plist */,
			);
			path = CryptoTrackerTests;
			sourceTree = "<group>";
		};
		5888672322380D190051377B /* CryptoTrackerUITests */ = {
			isa = PBXGroup;
			children = (
				5888672422380D190051377B /* CryptoTrackerUITests.swift */,
				5888672622380D190051377B /* Info.plist */,
			);
			path = CryptoTrackerUITests;
			sourceTree = "<group>";
		};
/* End PBXGroup section */

/* Begin PBXNativeTarget section */
		5888670022380D160051377B /* CryptoTracker */ = {
			isa = PBXNativeTarget;
			buildConfigurationList = 5888672922380D190051377B /* Build configuration list for PBXNativeTarget "CryptoTracker" */;
			buildPhases = (
				588866FD22380D160051377B /* Sources */,
				588866FE22380D160051377B /* Frameworks */,
				588866FF22380D160051377B /* Resources */,
			);
			buildRules = (
			);
			dependencies = (
			);
			name = CryptoTracker;
			productName = CryptoTracker;
			productReference = 5888670122380D160051377B /* CryptoTracker.app */;
			productType = "com.apple.product-type.application";
		};
		5888671422380D190051377B /* CryptoTrackerTests */ = {
			isa = PBXNativeTarget;
			buildConfigurationList = 5888672C22380D190051377B /* Build configuration list for PBXNativeTarget "CryptoTrackerTests" */;
			buildPhases = (
				5888671122380D190051377B /* Sources */,
				5888671222380D190051377B /* Frameworks */,
				5888671322380D190051377B /* Resources */,
			);
			buildRules = (
			);
			dependencies = (
				5888671722380D190051377B /* PBXTargetDependency */,
			);
			name = CryptoTrackerTests;
			productName = CryptoTrackerTests;
			productReference = 5888671522380D190051377B /* CryptoTrackerTests.xctest */;
			productType = "com.apple.product-type.bundle.unit-test";
		};
		5888671F22380D190051377B /* CryptoTrackerUITests */ = {
			isa = PBXNativeTarget;
			buildConfigurationList = 5888672F22380D190051377B /* Build configuration list for PBXNativeTarget "CryptoTrackerUITests" */;
			buildPhases = (
				5888671C22380D190051377B /* Sources */,
				5888671D22380D190051377B /* Frameworks */,
				5888671E22380D190051377B /* Resources */,
			);
			buildRules = (
			);
			dependencies = (
				5888672222380D190051377B /* PBXTargetDependency */,
			);
			name = CryptoTrackerUITests;
			productName = CryptoTrackerUITests;
			productReference = 5888672022380D190051377B /* CryptoTrackerUITests.xctest */;
			productType = "com.apple.product-type.bundle.ui-testing";
		};
/* End PBXNativeTarget section */

/* Begin PBXProject section */
		588866F922380D160051377B /* Project object */ = {
			isa = PBXProject;
			attributes = {
				LastSwiftUpdateCheck = 1010;
				LastUpgradeCheck = 1010;
				ORGANIZATIONNAME = mkhs;
				TargetAttributes = {
					5888670022380D160051377B = {
						CreatedOnToolsVersion = 10.1;
					};
					5888671422380D190051377B = {
						CreatedOnToolsVersion = 10.1;
						TestTargetID = 5888670022380D160051377B;
					};
					5888671F22380D190051377B = {
						CreatedOnToolsVersion = 10.1;
						TestTargetID = 5888670022380D160051377B;
					};
				};
			};
			buildConfigurationList = 588866FC22380D160051377B /* Build configuration list for PBXProject "CryptoTracker" */;
			compatibilityVersion = "Xcode 9.3";
			developmentRegion = en;
			hasScannedForEncodings = 0;
			knownRegions = (
				en,
				Base,
			);
			mainGroup = 588866F822380D160051377B;
			productRefGroup = 5888670222380D160051377B /* Products */;
			projectDirPath = "";
			projectRoot = "";
			targets = (
				5888670022380D160051377B /* CryptoTracker */,
				5888671422380D190051377B /* CryptoTrackerTests */,
				5888671F22380D190051377B /* CryptoTrackerUITests */,
			);
		};
/* End PBXProject section */

/* Begin PBXResourcesBuildPhase section */
		588866FF22380D160051377B /* Resources */ = {
			isa = PBXResourcesBuildPhase;
			buildActionMask = 2147483647;
			files = (
				5888670F22380D180051377B /* LaunchScreen.storyboard in Resources */,
				5888670C22380D180051377B /* Assets.xcassets in Resources */,
				5888670A22380D160051377B /* Main.storyboard in Resources */,
			);
			runOnlyForDeploymentPostprocessing = 0;
		};
		5888671322380D190051377B /* Resources */ = {
			isa = PBXResourcesBuildPhase;
			buildActionMask = 2147483647;
			files = (
			);
			runOnlyForDeploymentPostprocessing = 0;
		};
		5888671E22380D190051377B /* Resources */ = {
			isa = PBXResourcesBuildPhase;
			buildActionMask = 2147483647;
			files = (
			);
			runOnlyForDeploymentPostprocessing = 0;
		};
/* End PBXResourcesBuildPhase section */

/* Begin PBXSourcesBuildPhase section */
		588866FD22380D160051377B /* Sources */ = {
			isa = PBXSourcesBuildPhase;
			buildActionMask = 2147483647;
			files = (
				58DF2AAA2241B809002FBF7E /* PersistenceService.swift in Sources */,
				58DF2AD8224C2F55002FBF7E /* Price+CoreDataClass.swift in Sources */,
				5888673B223A48BA0051377B /* PairViewController.swift in Sources */,
				5888670722380D160051377B /* ViewController.swift in Sources */,
				581A99E722597A08006CF0D1 /* ChartViewController.swift in Sources */,
				58DF2AD3224C1D51002FBF7E /* Model.xcdatamodeld in Sources */,
				58886739223A38590051377B /* PairCell.swift in Sources */,
				58DF2ADA224C2F55002FBF7E /* Pair+CoreDataClass.swift in Sources */,
				58DF2ADB224C2F55002FBF7E /* Pair+CoreDataProperties.swift in Sources */,
				588867332239E23C0051377B /* PriceCell.swift in Sources */,
				5881214A223B395D00508F03 /* Binance.swift in Sources */,
				5888670522380D160051377B /* AppDelegate.swift in Sources */,
				58DF2AD9224C2F55002FBF7E /* Price+CoreDataProperties.swift in Sources */,
			);
			runOnlyForDeploymentPostprocessing = 0;
		};
		5888671122380D190051377B /* Sources */ = {
			isa = PBXSourcesBuildPhase;
			buildActionMask = 2147483647;
			files = (
				5888671A22380D190051377B /* CryptoTrackerTests.swift in Sources */,
			);
			runOnlyForDeploymentPostprocessing = 0;
		};
		5888671C22380D190051377B /* Sources */ = {
			isa = PBXSourcesBuildPhase;
			buildActionMask = 2147483647;
			files = (
				5888672522380D190051377B /* CryptoTrackerUITests.swift in Sources */,
			);
			runOnlyForDeploymentPostprocessing = 0;
		};
/* End PBXSourcesBuildPhase section */

/* Begin PBXTargetDependency section */
		5888671722380D190051377B /* PBXTargetDependency */ = {
			isa = PBXTargetDependency;
			target = 5888670022380D160051377B /* CryptoTracker */;
			targetProxy = 5888671622380D190051377B /* PBXContainerItemProxy */;
		};
		5888672222380D190051377B /* PBXTargetDependency */ = {
			isa = PBXTargetDependency;
			target = 5888670022380D160051377B /* CryptoTracker */;
			targetProxy = 5888672122380D190051377B /* PBXContainerItemProxy */;
		};
/* End PBXTargetDependency section */

/* Begin PBXVariantGroup section */
		5888670822380D160051377B /* Main.storyboard */ = {
			isa = PBXVariantGroup;
			children = (
				5888670922380D160051377B /* Base */,
			);
			name = Main.storyboard;
			sourceTree = "<group>";
		};
		5888670D22380D180051377B /* LaunchScreen.storyboard */ = {
			isa = PBXVariantGroup;
			children = (
				5888670E22380D180051377B /* Base */,
			);
			name = LaunchScreen.storyboard;
			sourceTree = "<group>";
		};
/* End PBXVariantGroup section */

/* Begin XCBuildConfiguration section */
		5888672722380D190051377B /* Debug */ = {
			isa = XCBuildConfiguration;
			buildSettings = {
				ALWAYS_SEARCH_USER_PATHS = NO;
				CLANG_ANALYZER_NONNULL = YES;
				CLANG_ANALYZER_NUMBER_OBJECT_CONVERSION = YES_AGGRESSIVE;
				CLANG_CXX_LANGUAGE_STANDARD = "gnu++14";
				CLANG_CXX_LIBRARY = "libc++";
				CLANG_ENABLE_MODULES = YES;
				CLANG_ENABLE_OBJC_ARC = YES;
				CLANG_ENABLE_OBJC_WEAK = YES;
				CLANG_WARN_BLOCK_CAPTURE_AUTORELEASING = YES;
				CLANG_WARN_BOOL_CONVERSION = YES;
				CLANG_WARN_COMMA = YES;
				CLANG_WARN_CONSTANT_CONVERSION = YES;
				CLANG_WARN_DEPRECATED_OBJC_IMPLEMENTATIONS = YES;
				CLANG_WARN_DIRECT_OBJC_ISA_USAGE = YES_ERROR;
				CLANG_WARN_DOCUMENTATION_COMMENTS = YES;
				CLANG_WARN_EMPTY_BODY = YES;
				CLANG_WARN_ENUM_CONVERSION = YES;
				CLANG_WARN_INFINITE_RECURSION = YES;
				CLANG_WARN_INT_CONVERSION = YES;
				CLANG_WARN_NON_LITERAL_NULL_CONVERSION = YES;
				CLANG_WARN_OBJC_IMPLICIT_RETAIN_SELF = YES;
				CLANG_WARN_OBJC_LITERAL_CONVERSION = YES;
				CLANG_WARN_OBJC_ROOT_CLASS = YES_ERROR;
				CLANG_WARN_RANGE_LOOP_ANALYSIS = YES;
				CLANG_WARN_STRICT_PROTOTYPES = YES;
				CLANG_WARN_SUSPICIOUS_MOVE = YES;
				CLANG_WARN_UNGUARDED_AVAILABILITY = YES_AGGRESSIVE;
				CLANG_WARN_UNREACHABLE_CODE = YES;
				CLANG_WARN__DUPLICATE_METHOD_MATCH = YES;
				CODE_SIGN_IDENTITY = "iPhone Developer";
				COPY_PHASE_STRIP = NO;
				DEBUG_INFORMATION_FORMAT = dwarf;
				ENABLE_STRICT_OBJC_MSGSEND = YES;
				ENABLE_TESTABILITY = YES;
				GCC_C_LANGUAGE_STANDARD = gnu11;
				GCC_DYNAMIC_NO_PIC = NO;
				GCC_NO_COMMON_BLOCKS = YES;
				GCC_OPTIMIZATION_LEVEL = 0;
				GCC_PREPROCESSOR_DEFINITIONS = (
					"DEBUG=1",
					"$(inherited)",
				);
				GCC_WARN_64_TO_32_BIT_CONVERSION = YES;
				GCC_WARN_ABOUT_RETURN_TYPE = YES_ERROR;
				GCC_WARN_UNDECLARED_SELECTOR = YES;
				GCC_WARN_UNINITIALIZED_AUTOS = YES_AGGRESSIVE;
				GCC_WARN_UNUSED_FUNCTION = YES;
				GCC_WARN_UNUSED_VARIABLE = YES;
				IPHONEOS_DEPLOYMENT_TARGET = 12.1;
				MTL_ENABLE_DEBUG_INFO = INCLUDE_SOURCE;
				MTL_FAST_MATH = YES;
				ONLY_ACTIVE_ARCH = YES;
				SDKROOT = iphoneos;
				SWIFT_ACTIVE_COMPILATION_CONDITIONS = DEBUG;
				SWIFT_OPTIMIZATION_LEVEL = "-Onone";
			};
			name = Debug;
		};
		5888672822380D190051377B /* Release */ = {
			isa = XCBuildConfiguration;
			buildSettings = {
				ALWAYS_SEARCH_USER_PATHS = NO;
				CLANG_ANALYZER_NONNULL = YES;
				CLANG_ANALYZER_NUMBER_OBJECT_CONVERSION = YES_AGGRESSIVE;
				CLANG_CXX_LANGUAGE_STANDARD = "gnu++14";
				CLANG_CXX_LIBRARY = "libc++";
				CLANG_ENABLE_MODULES = YES;
				CLANG_ENABLE_OBJC_ARC = YES;
				CLANG_ENABLE_OBJC_WEAK = YES;
				CLANG_WARN_BLOCK_CAPTURE_AUTORELEASING = YES;
				CLANG_WARN_BOOL_CONVERSION = YES;
				CLANG_WARN_COMMA = YES;
				CLANG_WARN_CONSTANT_CONVERSION = YES;
				CLANG_WARN_DEPRECATED_OBJC_IMPLEMENTATIONS = YES;
				CLANG_WARN_DIRECT_OBJC_ISA_USAGE = YES_ERROR;
				CLANG_WARN_DOCUMENTATION_COMMENTS = YES;
				CLANG_WARN_EMPTY_BODY = YES;
				CLANG_WARN_ENUM_CONVERSION = YES;
				CLANG_WARN_INFINITE_RECURSION = YES;
				CLANG_WARN_INT_CONVERSION = YES;
				CLANG_WARN_NON_LITERAL_NULL_CONVERSION = YES;
				CLANG_WARN_OBJC_IMPLICIT_RETAIN_SELF = YES;
				CLANG_WARN_OBJC_LITERAL_CONVERSION = YES;
				CLANG_WARN_OBJC_ROOT_CLASS = YES_ERROR;
				CLANG_WARN_RANGE_LOOP_ANALYSIS = YES;
				CLANG_WARN_STRICT_PROTOTYPES = YES;
				CLANG_WARN_SUSPICIOUS_MOVE = YES;
				CLANG_WARN_UNGUARDED_AVAILABILITY = YES_AGGRESSIVE;
				CLANG_WARN_UNREACHABLE_CODE = YES;
				CLANG_WARN__DUPLICATE_METHOD_MATCH = YES;
				CODE_SIGN_IDENTITY = "iPhone Developer";
				COPY_PHASE_STRIP = NO;
				DEBUG_INFORMATION_FORMAT = "dwarf-with-dsym";
				ENABLE_NS_ASSERTIONS = NO;
				ENABLE_STRICT_OBJC_MSGSEND = YES;
				GCC_C_LANGUAGE_STANDARD = gnu11;
				GCC_NO_COMMON_BLOCKS = YES;
				GCC_WARN_64_TO_32_BIT_CONVERSION = YES;
				GCC_WARN_ABOUT_RETURN_TYPE = YES_ERROR;
				GCC_WARN_UNDECLARED_SELECTOR = YES;
				GCC_WARN_UNINITIALIZED_AUTOS = YES_AGGRESSIVE;
				GCC_WARN_UNUSED_FUNCTION = YES;
				GCC_WARN_UNUSED_VARIABLE = YES;
				IPHONEOS_DEPLOYMENT_TARGET = 12.1;
				MTL_ENABLE_DEBUG_INFO = NO;
				MTL_FAST_MATH = YES;
				SDKROOT = iphoneos;
				SWIFT_COMPILATION_MODE = wholemodule;
				SWIFT_OPTIMIZATION_LEVEL = "-O";
				VALIDATE_PRODUCT = YES;
			};
			name = Release;
		};
		5888672A22380D190051377B /* Debug */ = {
			isa = XCBuildConfiguration;
			buildSettings = {
				ASSETCATALOG_COMPILER_APPICON_NAME = AppIcon;
				CODE_SIGN_STYLE = Automatic;
				DEVELOPMENT_TEAM = R8D88Q7699;
				INFOPLIST_FILE = CryptoTracker/Info.plist;
				LD_RUNPATH_SEARCH_PATHS = (
					"$(inherited)",
					"@executable_path/Frameworks",
				);
				PRODUCT_BUNDLE_IDENTIFIER = com.mkhs.CryptoTracker;
				PRODUCT_NAME = "$(TARGET_NAME)";
				SWIFT_VERSION = 4.2;
				TARGETED_DEVICE_FAMILY = "1,2";
			};
			name = Debug;
		};
		5888672B22380D190051377B /* Release */ = {
			isa = XCBuildConfiguration;
			buildSettings = {
				ASSETCATALOG_COMPILER_APPICON_NAME = AppIcon;
				CODE_SIGN_STYLE = Automatic;
				DEVELOPMENT_TEAM = R8D88Q7699;
				INFOPLIST_FILE = CryptoTracker/Info.plist;
				LD_RUNPATH_SEARCH_PATHS = (
					"$(inherited)",
					"@executable_path/Frameworks",
				);
				PRODUCT_BUNDLE_IDENTIFIER = com.mkhs.CryptoTracker;
				PRODUCT_NAME = "$(TARGET_NAME)";
				SWIFT_VERSION = 4.2;
				TARGETED_DEVICE_FAMILY = "1,2";
			};
			name = Release;
		};
		5888672D22380D190051377B /* Debug */ = {
			isa = XCBuildConfiguration;
			buildSettings = {
				ALWAYS_EMBED_SWIFT_STANDARD_LIBRARIES = YES;
				BUNDLE_LOADER = "$(TEST_HOST)";
				CODE_SIGN_STYLE = Automatic;
				DEVELOPMENT_TEAM = R8D88Q7699;
				INFOPLIST_FILE = CryptoTrackerTests/Info.plist;
				LD_RUNPATH_SEARCH_PATHS = (
					"$(inherited)",
					"@executable_path/Frameworks",
					"@loader_path/Frameworks",
				);
				PRODUCT_BUNDLE_IDENTIFIER = com.mkhs.CryptoTrackerTests;
				PRODUCT_NAME = "$(TARGET_NAME)";
				SWIFT_VERSION = 4.2;
				TARGETED_DEVICE_FAMILY = "1,2";
				TEST_HOST = "$(BUILT_PRODUCTS_DIR)/CryptoTracker.app/CryptoTracker";
			};
			name = Debug;
		};
		5888672E22380D190051377B /* Release */ = {
			isa = XCBuildConfiguration;
			buildSettings = {
				ALWAYS_EMBED_SWIFT_STANDARD_LIBRARIES = YES;
				BUNDLE_LOADER = "$(TEST_HOST)";
				CODE_SIGN_STYLE = Automatic;
				DEVELOPMENT_TEAM = R8D88Q7699;
				INFOPLIST_FILE = CryptoTrackerTests/Info.plist;
				LD_RUNPATH_SEARCH_PATHS = (
					"$(inherited)",
					"@executable_path/Frameworks",
					"@loader_path/Frameworks",
				);
				PRODUCT_BUNDLE_IDENTIFIER = com.mkhs.CryptoTrackerTests;
				PRODUCT_NAME = "$(TARGET_NAME)";
				SWIFT_VERSION = 4.2;
				TARGETED_DEVICE_FAMILY = "1,2";
				TEST_HOST = "$(BUILT_PRODUCTS_DIR)/CryptoTracker.app/CryptoTracker";
			};
			name = Release;
		};
		5888673022380D190051377B /* Debug */ = {
			isa = XCBuildConfiguration;
			buildSettings = {
				ALWAYS_EMBED_SWIFT_STANDARD_LIBRARIES = YES;
				CODE_SIGN_STYLE = Automatic;
				DEVELOPMENT_TEAM = R8D88Q7699;
				INFOPLIST_FILE = CryptoTrackerUITests/Info.plist;
				LD_RUNPATH_SEARCH_PATHS = (
					"$(inherited)",
					"@executable_path/Frameworks",
					"@loader_path/Frameworks",
				);
				PRODUCT_BUNDLE_IDENTIFIER = com.mkhs.CryptoTrackerUITests;
				PRODUCT_NAME = "$(TARGET_NAME)";
				SWIFT_VERSION = 4.2;
				TARGETED_DEVICE_FAMILY = "1,2";
				TEST_TARGET_NAME = CryptoTracker;
			};
			name = Debug;
		};
		5888673122380D190051377B /* Release */ = {
			isa = XCBuildConfiguration;
			buildSettings = {
				ALWAYS_EMBED_SWIFT_STANDARD_LIBRARIES = YES;
				CODE_SIGN_STYLE = Automatic;
				DEVELOPMENT_TEAM = R8D88Q7699;
				INFOPLIST_FILE = CryptoTrackerUITests/Info.plist;
				LD_RUNPATH_SEARCH_PATHS = (
					"$(inherited)",
					"@executable_path/Frameworks",
					"@loader_path/Frameworks",
				);
				PRODUCT_BUNDLE_IDENTIFIER = com.mkhs.CryptoTrackerUITests;
				PRODUCT_NAME = "$(TARGET_NAME)";
				SWIFT_VERSION = 4.2;
				TARGETED_DEVICE_FAMILY = "1,2";
				TEST_TARGET_NAME = CryptoTracker;
			};
			name = Release;
		};
/* End XCBuildConfiguration section */

/* Begin XCConfigurationList section */
		588866FC22380D160051377B /* Build configuration list for PBXProject "CryptoTracker" */ = {
			isa = XCConfigurationList;
			buildConfigurations = (
				5888672722380D190051377B /* Debug */,
				5888672822380D190051377B /* Release */,
			);
			defaultConfigurationIsVisible = 0;
			defaultConfigurationName = Release;
		};
		5888672922380D190051377B /* Build configuration list for PBXNativeTarget "CryptoTracker" */ = {
			isa = XCConfigurationList;
			buildConfigurations = (
				5888672A22380D190051377B /* Debug */,
				5888672B22380D190051377B /* Release */,
			);
			defaultConfigurationIsVisible = 0;
			defaultConfigurationName = Release;
		};
		5888672C22380D190051377B /* Build configuration list for PBXNativeTarget "CryptoTrackerTests" */ = {
			isa = XCConfigurationList;
			buildConfigurations = (
				5888672D22380D190051377B /* Debug */,
				5888672E22380D190051377B /* Release */,
			);
			defaultConfigurationIsVisible = 0;
			defaultConfigurationName = Release;
		};
		5888672F22380D190051377B /* Build configuration list for PBXNativeTarget "CryptoTrackerUITests" */ = {
			isa = XCConfigurationList;
			buildConfigurations = (
				5888673022380D190051377B /* Debug */,
				5888673122380D190051377B /* Release */,
			);
			defaultConfigurationIsVisible = 0;
			defaultConfigurationName = Release;
		};
/* End XCConfigurationList section */

/* Begin XCVersionGroup section */
		58DF2AD1224C1D51002FBF7E /* Model.xcdatamodeld */ = {
			isa = XCVersionGroup;
			children = (
				58DF2AD2224C1D51002FBF7E /* Model.xcdatamodel */,
			);
			currentVersion = 58DF2AD2224C1D51002FBF7E /* Model.xcdatamodel */;
			path = Model.xcdatamodeld;
			sourceTree = "<group>";
			versionGroupType = wrapper.xcdatamodel;
		};
/* End XCVersionGroup section */
	};
	rootObject = 588866F922380D160051377B /* Project object */;
}
